
Microsoft Visual Studio Solution File, Format Version 12.00
# Visual Studio Version 17
VisualStudioVersion = 17.8.34408.163
MinimumVisualStudioVersion = 10.0.40219.1
Project("{FAE04EC0-301F-11D3-BF4B-00C04F79EFBC}") = "Project1A", "Project1A.csproj", "{A2452D90-43CD-4D63-9A04-C69DD8C059CE}"
EndProject
Global
	GlobalSection(SolutionConfigurationPlatforms) = preSolution
		Debug|Any CPU = Debug|Any CPU
		Release|Any CPU = Release|Any CPU
	EndGlobalSection
	GlobalSection(ProjectConfigurationPlatforms) = postSolution
		{A2452D90-43CD-4D63-9A04-C69DD8C059CE}.Debug|Any CPU.ActiveCfg = Debug|Any CPU
		{A2452D90-43CD-4D63-9A04-C69DD8C059CE}.Debug|Any CPU.Build.0 = Debug|Any CPU
		{A2452D90-43CD-4D63-9A04-C69DD8C059CE}.Release|Any CPU.ActiveCfg = Release|Any CPU
		{A2452D90-43CD-4D63-9A04-C69DD8C059CE}.Release|Any CPU.Build.0 = Release|Any CPU
	EndGlobalSection
	GlobalSection(SolutionProperties) = preSolution
		HideSolutionNode = FALSE
	EndGlobalSection
	GlobalSection(ExtensibilityGlobals) = postSolution
		SolutionGuid = {F204CD76-B083-4E87-9EFB-5D95341D3997}
	EndGlobalSection
EndGlobal
